
Microsoft Visual Studio Solution File, Format Version 12.00
# Visual Studio Version 16
VisualStudioVersion = 16.0.31729.503
MinimumVisualStudioVersion = 10.0.40219.1
Project("{FAE04EC0-301F-11D3-BF4B-00C04F79EFBC}") = "TesteDeIgualdadeColecoesHash", "TesteDeIgualdadeColecoesHash\TesteDeIgualdadeColecoesHash.csproj", "{541E7C1E-531A-435F-971E-40F26C5B098F}"
EndProject
Global
	GlobalSection(SolutionConfigurationPlatforms) = preSolution
		Debug|Any CPU = Debug|Any CPU
		Release|Any CPU = Release|Any CPU
	EndGlobalSection
	GlobalSection(ProjectConfigurationPlatforms) = postSolution
		{541E7C1E-531A-435F-971E-40F26C5B098F}.Debug|Any CPU.ActiveCfg = Debug|Any CPU
		{541E7C1E-531A-435F-971E-40F26C5B098F}.Debug|Any CPU.Build.0 = Debug|Any CPU
		{541E7C1E-531A-435F-971E-40F26C5B098F}.Release|Any CPU.ActiveCfg = Release|Any CPU
		{541E7C1E-531A-435F-971E-40F26C5B098F}.Release|Any CPU.Build.0 = Release|Any CPU
	EndGlobalSection
	GlobalSection(SolutionProperties) = preSolution
		HideSolutionNode = FALSE
	EndGlobalSection
	GlobalSection(ExtensibilityGlobals) = postSolution
		SolutionGuid = {C10B5A9A-95EA-4768-9C0C-BBFC0D4C039D}
	EndGlobalSection
EndGlobal
